
Microsoft Visual Studio Solution File, Format Version 12.00
# Visual Studio Version 16
VisualStudioVersion = 16.0.28803.202
MinimumVisualStudioVersion = 10.0.40219.1
Project("{FAE04EC0-301F-11D3-BF4B-00C04F79EFBC}") = "NewGame", "NewGame\NewGame.csproj", "{1D193C40-D1BA-4A4C-8F9E-98F4AB3FAC44}"
EndProject
Global
	GlobalSection(SolutionConfigurationPlatforms) = preSolution
		Debug|Any CPU = Debug|Any CPU
		Release|Any CPU = Release|Any CPU
	EndGlobalSection
	GlobalSection(ProjectConfigurationPlatforms) = postSolution
		{1D193C40-D1BA-4A4C-8F9E-98F4AB3FAC44}.Debug|Any CPU.ActiveCfg = Debug|Any CPU
		{1D193C40-D1BA-4A4C-8F9E-98F4AB3FAC44}.Debug|Any CPU.Build.0 = Debug|Any CPU
		{1D193C40-D1BA-4A4C-8F9E-98F4AB3FAC44}.Release|Any CPU.ActiveCfg = Release|Any CPU
		{1D193C40-D1BA-4A4C-8F9E-98F4AB3FAC44}.Release|Any CPU.Build.0 = Release|Any CPU
	EndGlobalSection
	GlobalSection(SolutionProperties) = preSolution
		HideSolutionNode = FALSE
	EndGlobalSection
	GlobalSection(ExtensibilityGlobals) = postSolution
		SolutionGuid = {8616A6C3-229F-4595-AB44-C4A44ACB0CEB}
	EndGlobalSection
EndGlobal
